
Microsoft Visual Studio Solution File, Format Version 12.00
Project("{2150E333-8FDC-42A3-9474-1A3956D46DE8}") = "src", "src", "{6E40298E-C403-4163-9E67-DFA0E18A3505}"
EndProject
Project("{FAE04EC0-301F-11D3-BF4B-00C04F79EFBC}") = "Ultz.DF2", "src\Ultz.DF2\Ultz.DF2.csproj", "{C9C682E9-375E-4CC5-86A2-B4EAAF9A83D0}"
EndProject
Global
	GlobalSection(SolutionConfigurationPlatforms) = preSolution
		Debug|Any CPU = Debug|Any CPU
		Release|Any CPU = Release|Any CPU
	EndGlobalSection
	GlobalSection(NestedProjects) = preSolution
		{C9C682E9-375E-4CC5-86A2-B4EAAF9A83D0} = {6E40298E-C403-4163-9E67-DFA0E18A3505}
	EndGlobalSection
	GlobalSection(ProjectConfigurationPlatforms) = postSolution
		{C9C682E9-375E-4CC5-86A2-B4EAAF9A83D0}.Debug|Any CPU.ActiveCfg = Debug|Any CPU
		{C9C682E9-375E-4CC5-86A2-B4EAAF9A83D0}.Debug|Any CPU.Build.0 = Debug|Any CPU
		{C9C682E9-375E-4CC5-86A2-B4EAAF9A83D0}.Release|Any CPU.ActiveCfg = Release|Any CPU
		{C9C682E9-375E-4CC5-86A2-B4EAAF9A83D0}.Release|Any CPU.Build.0 = Release|Any CPU
	EndGlobalSection
EndGlobal
